{
  "version": 4,
  "terraform_version": "1.11.2",
  "serial": 29,
  "lineage": "c0057eba-5ccd-ac00-04b7-456e69971f5e",
  "outputs": {},
  "resources": [
    {
      "mode": "managed",
      "type": "azurerm_linux_virtual_machine",
      "name": "linuxvm",
      "provider": "provider[\"registry.terraform.io/hashicorp/azurerm\"]",
      "instances": [
        {
          "schema_version": 0,
          "attributes": {
            "additional_capabilities": [],
            "admin_password": "Password*#123",
            "admin_ssh_key": [],
            "admin_username": "adminuser",
            "allow_extension_operations": true,
            "availability_set_id": "",
            "boot_diagnostics": [],
            "bypass_platform_safety_checks_on_user_schedule_enabled": false,
            "capacity_reservation_group_id": "",
            "computer_name": "linuxvm",
            "custom_data": null,
            "dedicated_host_group_id": "",
            "dedicated_host_id": "",
            "disable_password_authentication": false,
            "disk_controller_type": "",
            "edge_zone": "",
            "encryption_at_host_enabled": false,
            "eviction_policy": "",
            "extensions_time_budget": "PT1H30M",
            "gallery_application": [],
            "id": "/subscriptions/cfa24889-339b-47a0-8904-e92116cf0b3c/resourceGroups/linuxvmrg/providers/Microsoft.Compute/virtualMachines/linuxvm",
            "identity": [],
            "license_type": "",
            "location": "eastus",
            "max_bid_price": -1,
            "name": "linuxvm",
            "network_interface_ids": [
              "/subscriptions/cfa24889-339b-47a0-8904-e92116cf0b3c/resourceGroups/linuxvmrg/providers/Microsoft.Network/networkInterfaces/vmnic"
            ],
            "os_disk": [
              {
                "caching": "ReadWrite",
                "diff_disk_settings": [],
                "disk_encryption_set_id": "",
                "disk_size_gb": 30,
                "id": "/subscriptions/cfa24889-339b-47a0-8904-e92116cf0b3c/resourceGroups/linuxvmrg/providers/Microsoft.Compute/disks/linuxvm_OsDisk_1_438747b525aa44d7a74680b85a0fe0c9",
                "name": "linuxvm_OsDisk_1_438747b525aa44d7a74680b85a0fe0c9",
                "secure_vm_disk_encryption_set_id": "",
                "security_encryption_type": "",
                "storage_account_type": "Standard_LRS",
                "write_accelerator_enabled": false
              }
            ],
            "os_image_notification": [],
            "patch_assessment_mode": "ImageDefault",
            "patch_mode": "ImageDefault",
            "plan": [],
            "platform_fault_domain": -1,
            "priority": "Regular",
            "private_ip_address": "10.0.2.4",
            "private_ip_addresses": [
              "10.0.2.4"
            ],
            "provision_vm_agent": true,
            "proximity_placement_group_id": "",
            "public_ip_address": "20.185.235.232",
            "public_ip_addresses": [
              "20.185.235.232"
            ],
            "reboot_setting": "",
            "resource_group_name": "linuxvmrg",
            "secret": [],
            "secure_boot_enabled": false,
            "size": "Standard_F2",
            "source_image_id": "",
            "source_image_reference": [
              {
                "offer": "0001-com-ubuntu-server-jammy",
                "publisher": "Canonical",
                "sku": "22_04-lts",
                "version": "latest"
              }
            ],
            "tags": null,
            "termination_notification": null,
            "timeouts": null,
            "user_data": "",
            "virtual_machine_id": "c45004eb-25fa-449a-9f1e-17dd895c98c2",
            "virtual_machine_scale_set_id": "",
            "vm_agent_platform_updates_enabled": false,
            "vtpm_enabled": false,
            "zone": ""
          },
          "sensitive_attributes": [
            [
              {
                "type": "get_attr",
                "value": "custom_data"
              }
            ],
            [
              {
                "type": "get_attr",
                "value": "admin_password"
              }
            ]
          ],
          "private": "eyJlMmJmYjczMC1lY2FhLTExZTYtOGY4OC0zNDM2M2JjN2M0YzAiOnsiY3JlYXRlIjoyNzAwMDAwMDAwMDAwLCJkZWxldGUiOjI3MDAwMDAwMDAwMDAsInJlYWQiOjMwMDAwMDAwMDAwMCwidXBkYXRlIjoyNzAwMDAwMDAwMDAwfX0=",
          "dependencies": [
            "azurerm_network_interface.vmnic",
            "azurerm_public_ip.linuxvmpublicip",
            "azurerm_resource_group.linuxvmrg",
            "azurerm_subnet.vmsubnet",
            "azurerm_virtual_network.linuxvmvnet"
          ]
        }
      ]
    },
    {
      "mode": "managed",
      "type": "azurerm_network_interface",
      "name": "vmnic",
      "provider": "provider[\"registry.terraform.io/hashicorp/azurerm\"]",
      "instances": [
        {
          "schema_version": 0,
          "attributes": {
            "accelerated_networking_enabled": false,
            "applied_dns_servers": [],
            "auxiliary_mode": "",
            "auxiliary_sku": "",
            "dns_servers": null,
            "edge_zone": "",
            "id": "/subscriptions/cfa24889-339b-47a0-8904-e92116cf0b3c/resourceGroups/linuxvmrg/providers/Microsoft.Network/networkInterfaces/vmnic",
            "internal_dns_name_label": "",
            "internal_domain_name_suffix": "yxgz2invuzdupigkd34qck0uff.bx.internal.cloudapp.net",
            "ip_configuration": [
              {
                "gateway_load_balancer_frontend_ip_configuration_id": "",
                "name": "internal",
                "primary": true,
                "private_ip_address": "10.0.2.4",
                "private_ip_address_allocation": "Dynamic",
                "private_ip_address_version": "IPv4",
                "public_ip_address_id": "/subscriptions/cfa24889-339b-47a0-8904-e92116cf0b3c/resourceGroups/linuxvmrg/providers/Microsoft.Network/publicIPAddresses/vmpublicip",
                "subnet_id": "/subscriptions/cfa24889-339b-47a0-8904-e92116cf0b3c/resourceGroups/linuxvmrg/providers/Microsoft.Network/virtualNetworks/linuxvmvnet/subnets/vmsubnet"
              }
            ],
            "ip_forwarding_enabled": false,
            "location": "eastus",
            "mac_address": "",
            "name": "vmnic",
            "private_ip_address": "10.0.2.4",
            "private_ip_addresses": [
              "10.0.2.4"
            ],
            "resource_group_name": "linuxvmrg",
            "tags": null,
            "timeouts": null,
            "virtual_machine_id": ""
          },
          "sensitive_attributes": [],
          "private": "eyJlMmJmYjczMC1lY2FhLTExZTYtOGY4OC0zNDM2M2JjN2M0YzAiOnsiY3JlYXRlIjoxODAwMDAwMDAwMDAwLCJkZWxldGUiOjE4MDAwMDAwMDAwMDAsInJlYWQiOjMwMDAwMDAwMDAwMCwidXBkYXRlIjoxODAwMDAwMDAwMDAwfX0=",
          "dependencies": [
            "azurerm_public_ip.linuxvmpublicip",
            "azurerm_resource_group.linuxvmrg",
            "azurerm_subnet.vmsubnet",
            "azurerm_virtual_network.linuxvmvnet"
          ]
        }
      ]
    },
    {
      "mode": "managed",
      "type": "azurerm_network_interface_security_group_association",
      "name": "linuxvmnicnsg",
      "provider": "provider[\"registry.terraform.io/hashicorp/azurerm\"]",
      "instances": [
        {
          "schema_version": 0,
          "attributes": {
            "id": "/subscriptions/cfa24889-339b-47a0-8904-e92116cf0b3c/resourceGroups/linuxvmrg/providers/Microsoft.Network/networkInterfaces/vmnic|/subscriptions/cfa24889-339b-47a0-8904-e92116cf0b3c/resourceGroups/linuxvmrg/providers/Microsoft.Network/networkSecurityGroups/vmnsg",
            "network_interface_id": "/subscriptions/cfa24889-339b-47a0-8904-e92116cf0b3c/resourceGroups/linuxvmrg/providers/Microsoft.Network/networkInterfaces/vmnic",
            "network_security_group_id": "/subscriptions/cfa24889-339b-47a0-8904-e92116cf0b3c/resourceGroups/linuxvmrg/providers/Microsoft.Network/networkSecurityGroups/vmnsg",
            "timeouts": null
          },
          "sensitive_attributes": [],
          "private": "eyJlMmJmYjczMC1lY2FhLTExZTYtOGY4OC0zNDM2M2JjN2M0YzAiOnsiY3JlYXRlIjoxODAwMDAwMDAwMDAwLCJkZWxldGUiOjE4MDAwMDAwMDAwMDAsInJlYWQiOjMwMDAwMDAwMDAwMH19",
          "dependencies": [
            "azurerm_network_interface.vmnic",
            "azurerm_network_security_group.linuxvmnsg",
            "azurerm_public_ip.linuxvmpublicip",
            "azurerm_resource_group.linuxvmrg",
            "azurerm_subnet.vmsubnet",
            "azurerm_virtual_network.linuxvmvnet"
          ]
        }
      ]
    },
    {
      "mode": "managed",
      "type": "azurerm_network_security_group",
      "name": "linuxvmnsg",
      "provider": "provider[\"registry.terraform.io/hashicorp/azurerm\"]",
      "instances": [
        {
          "schema_version": 0,
          "attributes": {
            "id": "/subscriptions/cfa24889-339b-47a0-8904-e92116cf0b3c/resourceGroups/linuxvmrg/providers/Microsoft.Network/networkSecurityGroups/vmnsg",
            "location": "eastus",
            "name": "vmnsg",
            "resource_group_name": "linuxvmrg",
            "security_rule": [
              {
                "access": "Allow",
                "description": "",
                "destination_address_prefix": "*",
                "destination_address_prefixes": [],
                "destination_application_security_group_ids": [],
                "destination_port_range": "22",
                "destination_port_ranges": [],
                "direction": "Inbound",
                "name": "ssh_rule",
                "priority": 100,
                "protocol": "Tcp",
                "source_address_prefix": "*",
                "source_address_prefixes": [],
                "source_application_security_group_ids": [],
                "source_port_range": "*",
                "source_port_ranges": []
              }
            ],
            "tags": null,
            "timeouts": null
          },
          "sensitive_attributes": [],
          "private": "eyJlMmJmYjczMC1lY2FhLTExZTYtOGY4OC0zNDM2M2JjN2M0YzAiOnsiY3JlYXRlIjoxODAwMDAwMDAwMDAwLCJkZWxldGUiOjE4MDAwMDAwMDAwMDAsInJlYWQiOjMwMDAwMDAwMDAwMCwidXBkYXRlIjoxODAwMDAwMDAwMDAwfX0=",
          "dependencies": [
            "azurerm_resource_group.linuxvmrg"
          ]
        }
      ]
    },
    {
      "mode": "managed",
      "type": "azurerm_public_ip",
      "name": "linuxvmpublicip",
      "provider": "provider[\"registry.terraform.io/hashicorp/azurerm\"]",
      "instances": [
        {
          "schema_version": 0,
          "attributes": {
            "allocation_method": "Static",
            "ddos_protection_mode": "VirtualNetworkInherited",
            "ddos_protection_plan_id": null,
            "domain_name_label": null,
            "domain_name_label_scope": null,
            "edge_zone": "",
            "fqdn": null,
            "id": "/subscriptions/cfa24889-339b-47a0-8904-e92116cf0b3c/resourceGroups/linuxvmrg/providers/Microsoft.Network/publicIPAddresses/vmpublicip",
            "idle_timeout_in_minutes": 4,
            "ip_address": "20.185.235.232",
            "ip_tags": null,
            "ip_version": "IPv4",
            "location": "eastus",
            "name": "vmpublicip",
            "public_ip_prefix_id": null,
            "resource_group_name": "linuxvmrg",
            "reverse_fqdn": null,
            "sku": "Standard",
            "sku_tier": "Regional",
            "tags": null,
            "timeouts": null,
            "zones": null
          },
          "sensitive_attributes": [],
          "private": "eyJlMmJmYjczMC1lY2FhLTExZTYtOGY4OC0zNDM2M2JjN2M0YzAiOnsiY3JlYXRlIjoxODAwMDAwMDAwMDAwLCJkZWxldGUiOjE4MDAwMDAwMDAwMDAsInJlYWQiOjMwMDAwMDAwMDAwMCwidXBkYXRlIjoxODAwMDAwMDAwMDAwfX0=",
          "dependencies": [
            "azurerm_resource_group.linuxvmrg"
          ]
        }
      ]
    },
    {
      "mode": "managed",
      "type": "azurerm_resource_group",
      "name": "linuxvmrg",
      "provider": "provider[\"registry.terraform.io/hashicorp/azurerm\"]",
      "instances": [
        {
          "schema_version": 0,
          "attributes": {
            "id": "/subscriptions/cfa24889-339b-47a0-8904-e92116cf0b3c/resourceGroups/linuxvmrg",
            "location": "eastus",
            "managed_by": "",
            "name": "linuxvmrg",
            "tags": null,
            "timeouts": null
          },
          "sensitive_attributes": [],
          "private": "eyJlMmJmYjczMC1lY2FhLTExZTYtOGY4OC0zNDM2M2JjN2M0YzAiOnsiY3JlYXRlIjo1NDAwMDAwMDAwMDAwLCJkZWxldGUiOjU0MDAwMDAwMDAwMDAsInJlYWQiOjMwMDAwMDAwMDAwMCwidXBkYXRlIjo1NDAwMDAwMDAwMDAwfX0="
        }
      ]
    },
    {
      "mode": "managed",
      "type": "azurerm_subnet",
      "name": "vmsubnet",
      "provider": "provider[\"registry.terraform.io/hashicorp/azurerm\"]",
      "instances": [
        {
          "schema_version": 0,
          "attributes": {
            "address_prefixes": [
              "10.0.2.0/24"
            ],
            "default_outbound_access_enabled": true,
            "delegation": [],
            "id": "/subscriptions/cfa24889-339b-47a0-8904-e92116cf0b3c/resourceGroups/linuxvmrg/providers/Microsoft.Network/virtualNetworks/linuxvmvnet/subnets/vmsubnet",
            "name": "vmsubnet",
            "private_endpoint_network_policies": "Disabled",
            "private_link_service_network_policies_enabled": true,
            "resource_group_name": "linuxvmrg",
            "service_endpoint_policy_ids": null,
            "service_endpoints": null,
            "timeouts": null,
            "virtual_network_name": "linuxvmvnet"
          },
          "sensitive_attributes": [],
          "private": "eyJlMmJmYjczMC1lY2FhLTExZTYtOGY4OC0zNDM2M2JjN2M0YzAiOnsiY3JlYXRlIjoxODAwMDAwMDAwMDAwLCJkZWxldGUiOjE4MDAwMDAwMDAwMDAsInJlYWQiOjMwMDAwMDAwMDAwMCwidXBkYXRlIjoxODAwMDAwMDAwMDAwfX0=",
          "dependencies": [
            "azurerm_resource_group.linuxvmrg",
            "azurerm_virtual_network.linuxvmvnet"
          ]
        }
      ]
    },
    {
      "mode": "managed",
      "type": "azurerm_virtual_network",
      "name": "linuxvmvnet",
      "provider": "provider[\"registry.terraform.io/hashicorp/azurerm\"]",
      "instances": [
        {
          "schema_version": 0,
          "attributes": {
            "address_space": [
              "10.0.0.0/16"
            ],
            "bgp_community": "",
            "ddos_protection_plan": [],
            "dns_servers": [],
            "edge_zone": "",
            "encryption": [],
            "flow_timeout_in_minutes": 0,
            "guid": "219ecdc5-a6b5-4747-a0ca-1f7d012b542d",
            "id": "/subscriptions/cfa24889-339b-47a0-8904-e92116cf0b3c/resourceGroups/linuxvmrg/providers/Microsoft.Network/virtualNetworks/linuxvmvnet",
            "location": "eastus",
            "name": "linuxvmvnet",
            "private_endpoint_vnet_policies": "Disabled",
            "resource_group_name": "linuxvmrg",
            "subnet": [],
            "tags": null,
            "timeouts": null
          },
          "sensitive_attributes": [],
          "private": "eyJlMmJmYjczMC1lY2FhLTExZTYtOGY4OC0zNDM2M2JjN2M0YzAiOnsiY3JlYXRlIjoxODAwMDAwMDAwMDAwLCJkZWxldGUiOjE4MDAwMDAwMDAwMDAsInJlYWQiOjMwMDAwMDAwMDAwMCwidXBkYXRlIjoxODAwMDAwMDAwMDAwfX0=",
          "dependencies": [
            "azurerm_resource_group.linuxvmrg"
          ]
        }
      ]
    }
  ],
  "check_results": null
}
